
Microsoft Visual Studio Solution File, Format Version 12.00
# Visual Studio Version 17
VisualStudioVersion = 17.8.34316.72
MinimumVisualStudioVersion = 10.0.40219.1
Project("{8BC9CEB8-8B4A-11D0-8D11-00A0C91BC942}") = "OopPolimorphismProject", "OopPolimorphismProject\OopPolimorphismProject.vcxproj", "{0488C3B7-47B5-4EB2-BEC9-78A8054BA489}"
EndProject
Global
	GlobalSection(SolutionConfigurationPlatforms) = preSolution
		Debug|x64 = Debug|x64
		Debug|x86 = Debug|x86
		Release|x64 = Release|x64
		Release|x86 = Release|x86
	EndGlobalSection
	GlobalSection(ProjectConfigurationPlatforms) = postSolution
		{0488C3B7-47B5-4EB2-BEC9-78A8054BA489}.Debug|x64.ActiveCfg = Debug|x64
		{0488C3B7-47B5-4EB2-BEC9-78A8054BA489}.Debug|x64.Build.0 = Debug|x64
		{0488C3B7-47B5-4EB2-BEC9-78A8054BA489}.Debug|x86.ActiveCfg = Debug|Win32
		{0488C3B7-47B5-4EB2-BEC9-78A8054BA489}.Debug|x86.Build.0 = Debug|Win32
		{0488C3B7-47B5-4EB2-BEC9-78A8054BA489}.Release|x64.ActiveCfg = Release|x64
		{0488C3B7-47B5-4EB2-BEC9-78A8054BA489}.Release|x64.Build.0 = Release|x64
		{0488C3B7-47B5-4EB2-BEC9-78A8054BA489}.Release|x86.ActiveCfg = Release|Win32
		{0488C3B7-47B5-4EB2-BEC9-78A8054BA489}.Release|x86.Build.0 = Release|Win32
	EndGlobalSection
	GlobalSection(SolutionProperties) = preSolution
		HideSolutionNode = FALSE
	EndGlobalSection
	GlobalSection(ExtensibilityGlobals) = postSolution
		SolutionGuid = {36E78DE4-BFF4-4AF6-A5AB-6B0A1510EB77}
	EndGlobalSection
EndGlobal
